// !$*UTF8*$!
{
	archiveVersion = 1;
	classes = {
	};
	objectVersion = 77;
	objects = {

/* Begin PBXBuildFile section */
		FD2401F8300F16DE001EA233 /* GlassEffectView.swift in Sources */ = {isa = PBXBuildFile; fileRef = FD2401EF300F16DE001EA233 /* GlassEffectView.swift */; };
		FD2401F9300F16DE001EA233 /* ProcessManager.swift in Sources */ = {isa = PBXBuildFile; fileRef = FD2401F1300F16DE001EA233 /* ProcessManager.swift */; };
		FD2401FA300F16DE001EA233 /* SessionManager.swift in Sources */ = {isa = PBXBuildFile; fileRef = FD2401F2300F16DE001EA233 /* SessionManager.swift */; };
		FD2401FB300F16DE001EA233 /* CommandReferenceView.swift in Sources */ = {isa = PBXBuildFile; fileRef = FD2401F4300F16DE001EA233 /* CommandReferenceView.swift */; };
		FD2401FC300F16DE001EA233 /* SidebarView.swift in Sources */ = {isa = PBXBuildFile; fileRef = FD2401F5300F16DE001EA233 /* SidebarView.swift */; };
		FD2401FD300F16DE001EA233 /* TerminalView.swift in Sources */ = {isa = PBXBuildFile; fileRef = FD2401F6300F16DE001EA233 /* TerminalView.swift */; };
		FD5A508F300F1D040001483F /* PerformanceView.swift in Sources */ = {isa = PBXBuildFile; fileRef = FD5A508B300F1D040001483F /* PerformanceView.swift */; };
/* End PBXBuildFile section */

/* Begin PBXContainerItemProxy section */
		FD9B6495300BD75D00517A02 /* PBXContainerItemProxy */ = {
			isa = PBXContainerItemProxy;
			containerPortal = FD9B647F300BD75B00517A02 /* Project object */;
			proxyType = 1;
			remoteGlobalIDString = FD9B6486300BD75B00517A02;
			remoteInfo = AMPHOREUS;
		};
		FD9B649F300BD75D00517A02 /* PBXContainerItemProxy */ = {
			isa = PBXContainerItemProxy;
			containerPortal = FD9B647F300BD75B00517A02 /* Project object */;
			proxyType = 1;
			remoteGlobalIDString = FD9B6486300BD75B00517A02;
			remoteInfo = AMPHOREUS;
		};
/* End PBXContainerItemProxy section */

/* Begin PBXFileReference section */
		FD2401EF300F16DE001EA233 /* GlassEffectView.swift */ = {isa = PBXFileReference; lastKnownFileType = sourcecode.swift; path = GlassEffectView.swift; sourceTree = "<group>"; };
		FD2401F1300F16DE001EA233 /* ProcessManager.swift */ = {isa = PBXFileReference; lastKnownFileType = sourcecode.swift; path = ProcessManager.swift; sourceTree = "<group>"; };
		FD2401F2300F16DE001EA233 /* SessionManager.swift */ = {isa = PBXFileReference; lastKnownFileType = sourcecode.swift; path = SessionManager.swift; sourceTree = "<group>"; };
		FD2401F4300F16DE001EA233 /* CommandReferenceView.swift */ = {isa = PBXFileReference; lastKnownFileType = sourcecode.swift; path = CommandReferenceView.swift; sourceTree = "<group>"; };
		FD2401F5300F16DE001EA233 /* SidebarView.swift */ = {isa = PBXFileReference; lastKnownFileType = sourcecode.swift; path = SidebarView.swift; sourceTree = "<group>"; };
		FD2401F6300F16DE001EA233 /* TerminalView.swift */ = {isa = PBXFileReference; lastKnownFileType = sourcecode.swift; path = TerminalView.swift; sourceTree = "<group>"; };
		FD5A508B300F1D040001483F /* PerformanceView.swift */ = {isa = PBXFileReference; lastKnownFileType = sourcecode.swift; path = PerformanceView.swift; sourceTree = "<group>"; };
		FD9B6487300BD75B00517A02 /* AMPHOREUS.app */ = {isa = PBXFileReference; explicitFileType = wrapper.application; includeInIndex = 0; path = AMPHOREUS.app; sourceTree = BUILT_PRODUCTS_DIR; };
		FD9B6494300BD75D00517A02 /* AMPHOREUSTests.xctest */ = {isa = PBXFileReference; explicitFileType = wrapper.cfbundle; includeInIndex = 0; path = AMPHOREUSTests.xctest; sourceTree = BUILT_PRODUCTS_DIR; };
		FD9B649E300BD75D00517A02 /* AMPHOREUSUITests.xctest */ = {isa = PBXFileReference; explicitFileType = wrapper.cfbundle; includeInIndex = 0; path = AMPHOREUSUITests.xctest; sourceTree = BUILT_PRODUCTS_DIR; };
/* End PBXFileReference section */

/* Begin PBXFileSystemSynchronizedRootGroup section */
		FD9B6489300BD75B00517A02 /* AMPHOREUS */ = {
			isa = PBXFileSystemSynchronizedRootGroup;
			path = AMPHOREUS;
			sourceTree = "<group>";
		};
		FD9B6497300BD75D00517A02 /* AMPHOREUSTests */ = {
			isa = PBXFileSystemSynchronizedRootGroup;
			path = AMPHOREUSTests;
			sourceTree = "<group>";
		};
		FD9B64A1300BD75D00517A02 /* AMPHOREUSUITests */ = {
			isa = PBXFileSystemSynchronizedRootGroup;
			path = AMPHOREUSUITests;
			sourceTree = "<group>";
		};
		FDC533533010C69E000F21E0 /* δ-me13 */ = {
			isa = PBXFileSystemSynchronizedRootGroup;
			path = "δ-me13";
			sourceTree = "<group>";
		};
/* End PBXFileSystemSynchronizedRootGroup section */

/* Begin PBXFrameworksBuildPhase section */
		FD9B6484300BD75B00517A02 /* Frameworks */ = {
			isa = PBXFrameworksBuildPhase;
			buildActionMask = 2147483647;
			files = (
			);
			runOnlyForDeploymentPostprocessing = 0;
		};
		FD9B6491300BD75D00517A02 /* Frameworks */ = {
			isa = PBXFrameworksBuildPhase;
			buildActionMask = 2147483647;
			files = (
			);
			runOnlyForDeploymentPostprocessing = 0;
		};
		FD9B649B300BD75D00517A02 /* Frameworks */ = {
			isa = PBXFrameworksBuildPhase;
			buildActionMask = 2147483647;
			files = (
			);
			runOnlyForDeploymentPostprocessing = 0;
		};
/* End PBXFrameworksBuildPhase section */

/* Begin PBXGroup section */
		FD24020A300F1AFE001EA233 /* Components */ = {
			isa = PBXGroup;
			children = (
				FD2401EF300F16DE001EA233 /* GlassEffectView.swift */,
			);
			path = Components;
			sourceTree = "<group>";
		};
		FD24020B300F1B18001EA233 /* Models */ = {
			isa = PBXGroup;
			children = (
				FD2401F1300F16DE001EA233 /* ProcessManager.swift */,
				FD2401F2300F16DE001EA233 /* SessionManager.swift */,
			);
			path = Models;
			sourceTree = "<group>";
		};
		FD24020E300F1B62001EA233 /* Views */ = {
			isa = PBXGroup;
			children = (
				FD2401F4300F16DE001EA233 /* CommandReferenceView.swift */,
				FD5A508B300F1D040001483F /* PerformanceView.swift */,
				FD2401F5300F16DE001EA233 /* SidebarView.swift */,
				FD2401F6300F16DE001EA233 /* TerminalView.swift */,
			);
			path = Views;
			sourceTree = "<group>";
		};
		FD9B647E300BD75B00517A02 = {
			isa = PBXGroup;
			children = (
				FD9B6489300BD75B00517A02 /* AMPHOREUS */,
				FD24020E300F1B62001EA233 /* Views */,
				FD24020B300F1B18001EA233 /* Models */,
				FD24020A300F1AFE001EA233 /* Components */,
				FD9B6497300BD75D00517A02 /* AMPHOREUSTests */,
				FD9B64A1300BD75D00517A02 /* AMPHOREUSUITests */,
				FD9B6488300BD75B00517A02 /* Products */,
				FDC533533010C69E000F21E0 /* δ-me13 */,
			);
			sourceTree = "<group>";
		};
		FD9B6488300BD75B00517A02 /* Products */ = {
			isa = PBXGroup;
			children = (
				FD9B6487300BD75B00517A02 /* AMPHOREUS.app */,
				FD9B6494300BD75D00517A02 /* AMPHOREUSTests.xctest */,
				FD9B649E300BD75D00517A02 /* AMPHOREUSUITests.xctest */,
			);
			name = Products;
			sourceTree = "<group>";
		};
/* End PBXGroup section */

/* Begin PBXNativeTarget section */
		FD9B6486300BD75B00517A02 /* AMPHOREUS */ = {
			isa = PBXNativeTarget;
			buildConfigurationList = FD9B64A8300BD75D00517A02 /* Build configuration list for PBXNativeTarget "AMPHOREUS" */;
			buildPhases = (
				FD9B6483300BD75B00517A02 /* Sources */,
				FD9B6484300BD75B00517A02 /* Frameworks */,
				FD9B6485300BD75B00517A02 /* Resources */,
				FDC533DD3010C6EC000F21E0 /* ShellScript */,
			);
			buildRules = (
			);
			dependencies = (
			);
			fileSystemSynchronizedGroups = (
				FD9B6489300BD75B00517A02 /* AMPHOREUS */,
				FDC533533010C69E000F21E0 /* δ-me13 */,
			);
			name = AMPHOREUS;
			packageProductDependencies = (
			);
			productName = AMPHOREUS;
			productReference = FD9B6487300BD75B00517A02 /* AMPHOREUS.app */;
			productType = "com.apple.product-type.application";
		};
		FD9B6493300BD75D00517A02 /* AMPHOREUSTests */ = {
			isa = PBXNativeTarget;
			buildConfigurationList = FD9B64AB300BD75D00517A02 /* Build configuration list for PBXNativeTarget "AMPHOREUSTests" */;
			buildPhases = (
				FD9B6490300BD75D00517A02 /* Sources */,
				FD9B6491300BD75D00517A02 /* Frameworks */,
				FD9B6492300BD75D00517A02 /* Resources */,
			);
			buildRules = (
			);
			dependencies = (
				FD9B6496300BD75D00517A02 /* PBXTargetDependency */,
			);
			fileSystemSynchronizedGroups = (
				FD9B6497300BD75D00517A02 /* AMPHOREUSTests */,
			);
			name = AMPHOREUSTests;
			packageProductDependencies = (
			);
			productName = AMPHOREUSTests;
			productReference = FD9B6494300BD75D00517A02 /* AMPHOREUSTests.xctest */;
			productType = "com.apple.product-type.bundle.unit-test";
		};
		FD9B649D300BD75D00517A02 /* AMPHOREUSUITests */ = {
			isa = PBXNativeTarget;
			buildConfigurationList = FD9B64AE300BD75D00517A02 /* Build configuration list for PBXNativeTarget "AMPHOREUSUITests" */;
			buildPhases = (
				FD9B649A300BD75D00517A02 /* Sources */,
				FD9B649B300BD75D00517A02 /* Frameworks */,
				FD9B649C300BD75D00517A02 /* Resources */,
			);
			buildRules = (
			);
			dependencies = (
				FD9B64A0300BD75D00517A02 /* PBXTargetDependency */,
			);
			fileSystemSynchronizedGroups = (
				FD9B64A1300BD75D00517A02 /* AMPHOREUSUITests */,
			);
			name = AMPHOREUSUITests;
			packageProductDependencies = (
			);
			productName = AMPHOREUSUITests;
			productReference = FD9B649E300BD75D00517A02 /* AMPHOREUSUITests.xctest */;
			productType = "com.apple.product-type.bundle.ui-testing";
		};
/* End PBXNativeTarget section */

/* Begin PBXProject section */
		FD9B647F300BD75B00517A02 /* Project object */ = {
			isa = PBXProject;
			attributes = {
				BuildIndependentTargetsInParallel = 1;
				LastSwiftUpdateCheck = 2660;
				LastUpgradeCheck = 2660;
				TargetAttributes = {
					FD9B6486300BD75B00517A02 = {
						CreatedOnToolsVersion = 26.6;
					};
					FD9B6493300BD75D00517A02 = {
						CreatedOnToolsVersion = 26.6;
						TestTargetID = FD9B6486300BD75B00517A02;
					};
					FD9B649D300BD75D00517A02 = {
						CreatedOnToolsVersion = 26.6;
						TestTargetID = FD9B6486300BD75B00517A02;
					};
				};
			};
			buildConfigurationList = FD9B6482300BD75B00517A02 /* Build configuration list for PBXProject "AMPHOREUS" */;
			developmentRegion = en;
			hasScannedForEncodings = 0;
			knownRegions = (
				en,
				Base,
			);
			mainGroup = FD9B647E300BD75B00517A02;
			minimizedProjectReferenceProxies = 1;
			preferredProjectObjectVersion = 77;
			productRefGroup = FD9B6488300BD75B00517A02 /* Products */;
			projectDirPath = "";
			projectRoot = "";
			targets = (
				FD9B6486300BD75B00517A02 /* AMPHOREUS */,
				FD9B6493300BD75D00517A02 /* AMPHOREUSTests */,
				FD9B649D300BD75D00517A02 /* AMPHOREUSUITests */,
			);
		};
/* End PBXProject section */

/* Begin PBXResourcesBuildPhase section */
		FD9B6485300BD75B00517A02 /* Resources */ = {
			isa = PBXResourcesBuildPhase;
			buildActionMask = 2147483647;
			files = (
			);
			runOnlyForDeploymentPostprocessing = 0;
		};
		FD9B6492300BD75D00517A02 /* Resources */ = {
			isa = PBXResourcesBuildPhase;
			buildActionMask = 2147483647;
			files = (
			);
			runOnlyForDeploymentPostprocessing = 0;
		};
		FD9B649C300BD75D00517A02 /* Resources */ = {
			isa = PBXResourcesBuildPhase;
			buildActionMask = 2147483647;
			files = (
			);
			runOnlyForDeploymentPostprocessing = 0;
		};
/* End PBXResourcesBuildPhase section */

/* Begin PBXShellScriptBuildPhase section */
		FDC533DD3010C6EC000F21E0 /* ShellScript */ = {
			isa = PBXShellScriptBuildPhase;
			buildActionMask = 2147483647;
			files = (
			);
			inputFileListPaths = (
			);
			inputPaths = (
			);
			outputFileListPaths = (
			);
			outputPaths = (
				"${BUILT_PRODUCTS_DIR}/${WRAPPER_NAME}/Contents/Frameworks/Python.framework",
			);
			runOnlyForDeploymentPostprocessing = 0;
			shellPath = /bin/sh;
			shellScript = "# Clean up stale runs/ from Resources\nRES_DIR=\"${BUILT_PRODUCTS_DIR}/${WRAPPER_NAME}/Contents/Resources\"\nif [ -d \"${RES_DIR}/runs\" ]; then rm -rf \"${RES_DIR}/runs\"; fi\n";
		};
/* End PBXShellScriptBuildPhase section */

/* Begin PBXSourcesBuildPhase section */
		FD9B6483300BD75B00517A02 /* Sources */ = {
			isa = PBXSourcesBuildPhase;
			buildActionMask = 2147483647;
			files = (
				FD2401F8300F16DE001EA233 /* GlassEffectView.swift in Sources */,
				FD2401F9300F16DE001EA233 /* ProcessManager.swift in Sources */,
				FD2401FA300F16DE001EA233 /* SessionManager.swift in Sources */,
				FD2401FB300F16DE001EA233 /* CommandReferenceView.swift in Sources */,
				FD2401FC300F16DE001EA233 /* SidebarView.swift in Sources */,
				FD2401FD300F16DE001EA233 /* TerminalView.swift in Sources */,
				FD5A508F300F1D040001483F /* PerformanceView.swift in Sources */,
			);
			runOnlyForDeploymentPostprocessing = 0;
		};
		FD9B6490300BD75D00517A02 /* Sources */ = {
			isa = PBXSourcesBuildPhase;
			buildActionMask = 2147483647;
			files = (
			);
			runOnlyForDeploymentPostprocessing = 0;
		};
		FD9B649A300BD75D00517A02 /* Sources */ = {
			isa = PBXSourcesBuildPhase;
			buildActionMask = 2147483647;
			files = (
			);
			runOnlyForDeploymentPostprocessing = 0;
		};
/* End PBXSourcesBuildPhase section */

/* Begin PBXTargetDependency section */
		FD9B6496300BD75D00517A02 /* PBXTargetDependency */ = {
			isa = PBXTargetDependency;
			target = FD9B6486300BD75B00517A02 /* AMPHOREUS */;
			targetProxy = FD9B6495300BD75D00517A02 /* PBXContainerItemProxy */;
		};
		FD9B64A0300BD75D00517A02 /* PBXTargetDependency */ = {
			isa = PBXTargetDependency;
			target = FD9B6486300BD75B00517A02 /* AMPHOREUS */;
			targetProxy = FD9B649F300BD75D00517A02 /* PBXContainerItemProxy */;
		};
/* End PBXTargetDependency section */

/* Begin XCBuildConfiguration section */
		FD9B64A6300BD75D00517A02 /* Debug */ = {
			isa = XCBuildConfiguration;
			buildSettings = {
				ALWAYS_SEARCH_USER_PATHS = NO;
				ASSETCATALOG_COMPILER_GENERATE_SWIFT_ASSET_SYMBOL_EXTENSIONS = YES;
				CLANG_ANALYZER_NONNULL = YES;
				CLANG_ANALYZER_NUMBER_OBJECT_CONVERSION = YES_AGGRESSIVE;
				CLANG_CXX_LANGUAGE_STANDARD = "gnu++20";
				CLANG_ENABLE_MODULES = YES;
				CLANG_ENABLE_OBJC_ARC = YES;
				CLANG_ENABLE_OBJC_WEAK = YES;
				CLANG_WARN_BLOCK_CAPTURE_AUTORELEASING = YES;
				CLANG_WARN_BOOL_CONVERSION = YES;
				CLANG_WARN_COMMA = YES;
				CLANG_WARN_CONSTANT_CONVERSION = YES;
				CLANG_WARN_DEPRECATED_OBJC_IMPLEMENTATIONS = YES;
				CLANG_WARN_DIRECT_OBJC_ISA_USAGE = YES_ERROR;
				CLANG_WARN_DOCUMENTATION_COMMENTS = YES;
				CLANG_WARN_EMPTY_BODY = YES;
				CLANG_WARN_ENUM_CONVERSION = YES;
				CLANG_WARN_INFINITE_RECURSION = YES;
				CLANG_WARN_INT_CONVERSION = YES;
				CLANG_WARN_NON_LITERAL_NULL_CONVERSION = YES;
				CLANG_WARN_OBJC_IMPLICIT_RETAIN_SELF = YES;
				CLANG_WARN_OBJC_LITERAL_CONVERSION = YES;
				CLANG_WARN_OBJC_ROOT_CLASS = YES_ERROR;
				CLANG_WARN_QUOTED_INCLUDE_IN_FRAMEWORK_HEADER = YES;
				CLANG_WARN_RANGE_LOOP_ANALYSIS = YES;
				CLANG_WARN_STRICT_PROTOTYPES = YES;
				CLANG_WARN_SUSPICIOUS_MOVE = YES;
				CLANG_WARN_UNGUARDED_AVAILABILITY = YES_AGGRESSIVE;
				CLANG_WARN_UNREACHABLE_CODE = YES;
				CLANG_WARN__DUPLICATE_METHOD_MATCH = YES;
				COPY_PHASE_STRIP = NO;
				DEBUG_INFORMATION_FORMAT = dwarf;
				DEVELOPMENT_TEAM = MK29F8V39J;
				ENABLE_STRICT_OBJC_MSGSEND = YES;
				ENABLE_TESTABILITY = YES;
				ENABLE_USER_SCRIPT_SANDBOXING = YES;
				GCC_C_LANGUAGE_STANDARD = gnu17;
				GCC_DYNAMIC_NO_PIC = NO;
				GCC_NO_COMMON_BLOCKS = YES;
				GCC_OPTIMIZATION_LEVEL = 0;
				GCC_PREPROCESSOR_DEFINITIONS = (
					"DEBUG=1",
					"$(inherited)",
				);
				GCC_WARN_64_TO_32_BIT_CONVERSION = YES;
				GCC_WARN_ABOUT_RETURN_TYPE = YES_ERROR;
				GCC_WARN_UNDECLARED_SELECTOR = YES;
				GCC_WARN_UNINITIALIZED_AUTOS = YES_AGGRESSIVE;
				GCC_WARN_UNUSED_FUNCTION = YES;
				GCC_WARN_UNUSED_VARIABLE = YES;
				LOCALIZATION_PREFERS_STRING_CATALOGS = YES;
				MACOSX_DEPLOYMENT_TARGET = 26.5;
				MTL_ENABLE_DEBUG_INFO = INCLUDE_SOURCE;
				MTL_FAST_MATH = YES;
				ONLY_ACTIVE_ARCH = YES;
				SDKROOT = macosx;
				SWIFT_ACTIVE_COMPILATION_CONDITIONS = "DEBUG $(inherited)";
				SWIFT_OPTIMIZATION_LEVEL = "-Onone";
			};
			name = Debug;
		};
		FD9B64A7300BD75D00517A02 /* Release */ = {
			isa = XCBuildConfiguration;
			buildSettings = {
				ALWAYS_SEARCH_USER_PATHS = NO;
				ASSETCATALOG_COMPILER_GENERATE_SWIFT_ASSET_SYMBOL_EXTENSIONS = YES;
				CLANG_ANALYZER_NONNULL = YES;
				CLANG_ANALYZER_NUMBER_OBJECT_CONVERSION = YES_AGGRESSIVE;
				CLANG_CXX_LANGUAGE_STANDARD = "gnu++20";
				CLANG_ENABLE_MODULES = YES;
				CLANG_ENABLE_OBJC_ARC = YES;
				CLANG_ENABLE_OBJC_WEAK = YES;
				CLANG_WARN_BLOCK_CAPTURE_AUTORELEASING = YES;
				CLANG_WARN_BOOL_CONVERSION = YES;
				CLANG_WARN_COMMA = YES;
				CLANG_WARN_CONSTANT_CONVERSION = YES;
				CLANG_WARN_DEPRECATED_OBJC_IMPLEMENTATIONS = YES;
				CLANG_WARN_DIRECT_OBJC_ISA_USAGE = YES_ERROR;
				CLANG_WARN_DOCUMENTATION_COMMENTS = YES;
				CLANG_WARN_EMPTY_BODY = YES;
				CLANG_WARN_ENUM_CONVERSION = YES;
				CLANG_WARN_INFINITE_RECURSION = YES;
				CLANG_WARN_INT_CONVERSION = YES;
				CLANG_WARN_NON_LITERAL_NULL_CONVERSION = YES;
				CLANG_WARN_OBJC_IMPLICIT_RETAIN_SELF = YES;
				CLANG_WARN_OBJC_LITERAL_CONVERSION = YES;
				CLANG_WARN_OBJC_ROOT_CLASS = YES_ERROR;
				CLANG_WARN_QUOTED_INCLUDE_IN_FRAMEWORK_HEADER = YES;
				CLANG_WARN_RANGE_LOOP_ANALYSIS = YES;
				CLANG_WARN_STRICT_PROTOTYPES = YES;
				CLANG_WARN_SUSPICIOUS_MOVE = YES;
				CLANG_WARN_UNGUARDED_AVAILABILITY = YES_AGGRESSIVE;
				CLANG_WARN_UNREACHABLE_CODE = YES;
				CLANG_WARN__DUPLICATE_METHOD_MATCH = YES;
				COPY_PHASE_STRIP = NO;
				DEBUG_INFORMATION_FORMAT = "dwarf-with-dsym";
				DEVELOPMENT_TEAM = MK29F8V39J;
				ENABLE_NS_ASSERTIONS = NO;
				ENABLE_STRICT_OBJC_MSGSEND = YES;
				ENABLE_USER_SCRIPT_SANDBOXING = YES;
				GCC_C_LANGUAGE_STANDARD = gnu17;
				GCC_NO_COMMON_BLOCKS = YES;
				GCC_WARN_64_TO_32_BIT_CONVERSION = YES;
				GCC_WARN_ABOUT_RETURN_TYPE = YES_ERROR;
				GCC_WARN_UNDECLARED_SELECTOR = YES;
				GCC_WARN_UNINITIALIZED_AUTOS = YES_AGGRESSIVE;
				GCC_WARN_UNUSED_FUNCTION = YES;
				GCC_WARN_UNUSED_VARIABLE = YES;
				LOCALIZATION_PREFERS_STRING_CATALOGS = YES;
				MACOSX_DEPLOYMENT_TARGET = 26.5;
				MTL_ENABLE_DEBUG_INFO = NO;
				MTL_FAST_MATH = YES;
				SDKROOT = macosx;
				SWIFT_COMPILATION_MODE = wholemodule;
			};
			name = Release;
		};
		FD9B64A9300BD75D00517A02 /* Debug */ = {
			isa = XCBuildConfiguration;
			buildSettings = {
				ASSETCATALOG_COMPILER_APPICON_NAME = AppIcon;
				ASSETCATALOG_COMPILER_GLOBAL_ACCENT_COLOR_NAME = AccentColor;
				CODE_SIGN_STYLE = Automatic;
				COMBINE_HIDPI_IMAGES = YES;
				CURRENT_PROJECT_VERSION = 1;
				DEVELOPMENT_TEAM = MK29F8V39J;
				ENABLE_APP_SANDBOX = NO;
				ENABLE_HARDENED_RUNTIME = YES;
				ENABLE_PREVIEWS = YES;
				ENABLE_USER_SCRIPT_SANDBOXING = NO;
				GENERATE_INFOPLIST_FILE = YES;
				INFOPLIST_KEY_NSHumanReadableCopyright = "";
				LD_RUNPATH_SEARCH_PATHS = (
					"$(inherited)",
					"@executable_path/../Frameworks",
				);
				MARKETING_VERSION = 1.0;
				PRODUCT_BUNDLE_IDENTIFIER = io.TrustedInstaller.AMPHOREUS;
				PRODUCT_NAME = "$(TARGET_NAME)";
				REGISTER_APP_GROUPS = YES;
				STRING_CATALOG_GENERATE_SYMBOLS = YES;
				SWIFT_APPROACHABLE_CONCURRENCY = YES;
				SWIFT_DEFAULT_ACTOR_ISOLATION = MainActor;
				SWIFT_EMIT_LOC_STRINGS = YES;
				SWIFT_UPCOMING_FEATURE_MEMBER_IMPORT_VISIBILITY = YES;
				SWIFT_VERSION = 5.0;
			};
			name = Debug;
		};
		FD9B64AA300BD75D00517A02 /* Release */ = {
			isa = XCBuildConfiguration;
			buildSettings = {
				ASSETCATALOG_COMPILER_APPICON_NAME = AppIcon;
				ASSETCATALOG_COMPILER_GLOBAL_ACCENT_COLOR_NAME = AccentColor;
				CODE_SIGN_STYLE = Automatic;
				COMBINE_HIDPI_IMAGES = YES;
				CURRENT_PROJECT_VERSION = 1;
				DEVELOPMENT_TEAM = MK29F8V39J;
				ENABLE_APP_SANDBOX = NO;
				ENABLE_HARDENED_RUNTIME = YES;
				ENABLE_PREVIEWS = YES;
				ENABLE_USER_SCRIPT_SANDBOXING = NO;
				GENERATE_INFOPLIST_FILE = YES;
				INFOPLIST_KEY_NSHumanReadableCopyright = "";
				LD_RUNPATH_SEARCH_PATHS = (
					"$(inherited)",
					"@executable_path/../Frameworks",
				);
				MARKETING_VERSION = 1.0;
				PRODUCT_BUNDLE_IDENTIFIER = io.TrustedInstaller.AMPHOREUS;
				PRODUCT_NAME = "$(TARGET_NAME)";
				REGISTER_APP_GROUPS = YES;
				STRING_CATALOG_GENERATE_SYMBOLS = YES;
				SWIFT_APPROACHABLE_CONCURRENCY = YES;
				SWIFT_DEFAULT_ACTOR_ISOLATION = MainActor;
				SWIFT_EMIT_LOC_STRINGS = YES;
				SWIFT_UPCOMING_FEATURE_MEMBER_IMPORT_VISIBILITY = YES;
				SWIFT_VERSION = 5.0;
			};
			name = Release;
		};
		FD9B64AC300BD75D00517A02 /* Debug */ = {
			isa = XCBuildConfiguration;
			buildSettings = {
				BUNDLE_LOADER = "$(TEST_HOST)";
				CODE_SIGN_STYLE = Automatic;
				CURRENT_PROJECT_VERSION = 1;
				DEVELOPMENT_TEAM = MK29F8V39J;
				GENERATE_INFOPLIST_FILE = YES;
				MACOSX_DEPLOYMENT_TARGET = 26.5;
				MARKETING_VERSION = 1.0;
				PRODUCT_BUNDLE_IDENTIFIER = io.TrustedInstaller.AMPHOREUSTests;
				PRODUCT_NAME = "$(TARGET_NAME)";
				STRING_CATALOG_GENERATE_SYMBOLS = NO;
				SWIFT_APPROACHABLE_CONCURRENCY = YES;
				SWIFT_EMIT_LOC_STRINGS = NO;
				SWIFT_UPCOMING_FEATURE_MEMBER_IMPORT_VISIBILITY = YES;
				SWIFT_VERSION = 5.0;
				TEST_HOST = "$(BUILT_PRODUCTS_DIR)/AMPHOREUS.app/$(BUNDLE_EXECUTABLE_FOLDER_PATH)/AMPHOREUS";
			};
			name = Debug;
		};
		FD9B64AD300BD75D00517A02 /* Release */ = {
			isa = XCBuildConfiguration;
			buildSettings = {
				BUNDLE_LOADER = "$(TEST_HOST)";
				CODE_SIGN_STYLE = Automatic;
				CURRENT_PROJECT_VERSION = 1;
				DEVELOPMENT_TEAM = MK29F8V39J;
				GENERATE_INFOPLIST_FILE = YES;
				MACOSX_DEPLOYMENT_TARGET = 26.5;
				MARKETING_VERSION = 1.0;
				PRODUCT_BUNDLE_IDENTIFIER = io.TrustedInstaller.AMPHOREUSTests;
				PRODUCT_NAME = "$(TARGET_NAME)";
				STRING_CATALOG_GENERATE_SYMBOLS = NO;
				SWIFT_APPROACHABLE_CONCURRENCY = YES;
				SWIFT_EMIT_LOC_STRINGS = NO;
				SWIFT_UPCOMING_FEATURE_MEMBER_IMPORT_VISIBILITY = YES;
				SWIFT_VERSION = 5.0;
				TEST_HOST = "$(BUILT_PRODUCTS_DIR)/AMPHOREUS.app/$(BUNDLE_EXECUTABLE_FOLDER_PATH)/AMPHOREUS";
			};
			name = Release;
		};
		FD9B64AF300BD75D00517A02 /* Debug */ = {
			isa = XCBuildConfiguration;
			buildSettings = {
				CODE_SIGN_STYLE = Automatic;
				CURRENT_PROJECT_VERSION = 1;
				DEVELOPMENT_TEAM = MK29F8V39J;
				GENERATE_INFOPLIST_FILE = YES;
				MARKETING_VERSION = 1.0;
				PRODUCT_BUNDLE_IDENTIFIER = io.TrustedInstaller.AMPHOREUSUITests;
				PRODUCT_NAME = "$(TARGET_NAME)";
				STRING_CATALOG_GENERATE_SYMBOLS = NO;
				SWIFT_APPROACHABLE_CONCURRENCY = YES;
				SWIFT_EMIT_LOC_STRINGS = NO;
				SWIFT_UPCOMING_FEATURE_MEMBER_IMPORT_VISIBILITY = YES;
				SWIFT_VERSION = 5.0;
				TEST_TARGET_NAME = AMPHOREUS;
			};
			name = Debug;
		};
		FD9B64B0300BD75D00517A02 /* Release */ = {
			isa = XCBuildConfiguration;
			buildSettings = {
				CODE_SIGN_STYLE = Automatic;
				CURRENT_PROJECT_VERSION = 1;
				DEVELOPMENT_TEAM = MK29F8V39J;
				GENERATE_INFOPLIST_FILE = YES;
				MARKETING_VERSION = 1.0;
				PRODUCT_BUNDLE_IDENTIFIER = io.TrustedInstaller.AMPHOREUSUITests;
				PRODUCT_NAME = "$(TARGET_NAME)";
				STRING_CATALOG_GENERATE_SYMBOLS = NO;
				SWIFT_APPROACHABLE_CONCURRENCY = YES;
				SWIFT_EMIT_LOC_STRINGS = NO;
				SWIFT_UPCOMING_FEATURE_MEMBER_IMPORT_VISIBILITY = YES;
				SWIFT_VERSION = 5.0;
				TEST_TARGET_NAME = AMPHOREUS;
			};
			name = Release;
		};
/* End XCBuildConfiguration section */

/* Begin XCConfigurationList section */
		FD9B6482300BD75B00517A02 /* Build configuration list for PBXProject "AMPHOREUS" */ = {
			isa = XCConfigurationList;
			buildConfigurations = (
				FD9B64A6300BD75D00517A02 /* Debug */,
				FD9B64A7300BD75D00517A02 /* Release */,
			);
			defaultConfigurationIsVisible = 0;
			defaultConfigurationName = Release;
		};
		FD9B64A8300BD75D00517A02 /* Build configuration list for PBXNativeTarget "AMPHOREUS" */ = {
			isa = XCConfigurationList;
			buildConfigurations = (
				FD9B64A9300BD75D00517A02 /* Debug */,
				FD9B64AA300BD75D00517A02 /* Release */,
			);
			defaultConfigurationIsVisible = 0;
			defaultConfigurationName = Release;
		};
		FD9B64AB300BD75D00517A02 /* Build configuration list for PBXNativeTarget "AMPHOREUSTests" */ = {
			isa = XCConfigurationList;
			buildConfigurations = (
				FD9B64AC300BD75D00517A02 /* Debug */,
				FD9B64AD300BD75D00517A02 /* Release */,
			);
			defaultConfigurationIsVisible = 0;
			defaultConfigurationName = Release;
		};
		FD9B64AE300BD75D00517A02 /* Build configuration list for PBXNativeTarget "AMPHOREUSUITests" */ = {
			isa = XCConfigurationList;
			buildConfigurations = (
				FD9B64AF300BD75D00517A02 /* Debug */,
				FD9B64B0300BD75D00517A02 /* Release */,
			);
			defaultConfigurationIsVisible = 0;
			defaultConfigurationName = Release;
		};
/* End XCConfigurationList section */
	};
	rootObject = FD9B647F300BD75B00517A02 /* Project object */;
}
